
Microsoft Visual Studio Solution File, Format Version 12.00
# Visual Studio Version 16
VisualStudioVersion = 16.0.30717.126
MinimumVisualStudioVersion = 10.0.40219.1
Project("{FAE04EC0-301F-11D3-BF4B-00C04F79EFBC}") = "ConsoleApp3", "ConsoleApp3\ConsoleApp3.csproj", "{B14D86B0-51FA-42DC-A7A4-873F23C8848E}"
EndProject
Global
	GlobalSection(SolutionConfigurationPlatforms) = preSolution
		Debug|Any CPU = Debug|Any CPU
		Release|Any CPU = Release|Any CPU
	EndGlobalSection
	GlobalSection(ProjectConfigurationPlatforms) = postSolution
		{B14D86B0-51FA-42DC-A7A4-873F23C8848E}.Debug|Any CPU.ActiveCfg = Debug|Any CPU
		{B14D86B0-51FA-42DC-A7A4-873F23C8848E}.Debug|Any CPU.Build.0 = Debug|Any CPU
		{B14D86B0-51FA-42DC-A7A4-873F23C8848E}.Release|Any CPU.ActiveCfg = Release|Any CPU
		{B14D86B0-51FA-42DC-A7A4-873F23C8848E}.Release|Any CPU.Build.0 = Release|Any CPU
	EndGlobalSection
	GlobalSection(SolutionProperties) = preSolution
		HideSolutionNode = FALSE
	EndGlobalSection
	GlobalSection(ExtensibilityGlobals) = postSolution
		SolutionGuid = {2864C7E1-0C04-4422-B1F3-F1041D693A90}
	EndGlobalSection
EndGlobal
